
Microsoft Visual Studio Solution File, Format Version 12.00
# Visual Studio Version 16
VisualStudioVersion = 16.0.29613.14
MinimumVisualStudioVersion = 10.0.40219.1
Project("{FAE04EC0-301F-11D3-BF4B-00C04F79EFBC}") = "ConsoleApp1", "ConsoleApp1\ConsoleApp1.csproj", "{25FDEB3E-724F-4A54-85FF-537B16A1B601}"
EndProject
Global
	GlobalSection(SolutionConfigurationPlatforms) = preSolution
		Debug|Any CPU = Debug|Any CPU
		Release|Any CPU = Release|Any CPU
	EndGlobalSection
	GlobalSection(ProjectConfigurationPlatforms) = postSolution
		{25FDEB3E-724F-4A54-85FF-537B16A1B601}.Debug|Any CPU.ActiveCfg = Debug|Any CPU
		{25FDEB3E-724F-4A54-85FF-537B16A1B601}.Debug|Any CPU.Build.0 = Debug|Any CPU
		{25FDEB3E-724F-4A54-85FF-537B16A1B601}.Release|Any CPU.ActiveCfg = Release|Any CPU
		{25FDEB3E-724F-4A54-85FF-537B16A1B601}.Release|Any CPU.Build.0 = Release|Any CPU
	EndGlobalSection
	GlobalSection(SolutionProperties) = preSolution
		HideSolutionNode = FALSE
	EndGlobalSection
	GlobalSection(ExtensibilityGlobals) = postSolution
		SolutionGuid = {FA6B4B4C-FD04-432B-A020-1473FA3E87A7}
	EndGlobalSection
EndGlobal
